
Microsoft Visual Studio Solution File, Format Version 12.00
# Visual Studio Version 17
VisualStudioVersion = 17.14.36327.8 d17.14
MinimumVisualStudioVersion = 10.0.40219.1
Project("{FAE04EC0-301F-11D3-BF4B-00C04F79EFBC}") = "UziSport", "UziSport\UziSport.csproj", "{BA532208-6024-466A-9FD9-53E60E784987}"
EndProject
Global
	GlobalSection(SolutionConfigurationPlatforms) = preSolution
		Debug|Any CPU = Debug|Any CPU
		Release|Any CPU = Release|Any CPU
	EndGlobalSection
	GlobalSection(ProjectConfigurationPlatforms) = postSolution
		{BA532208-6024-466A-9FD9-53E60E784987}.Debug|Any CPU.ActiveCfg = Debug|Any CPU
		{BA532208-6024-466A-9FD9-53E60E784987}.Debug|Any CPU.Build.0 = Debug|Any CPU
		{BA532208-6024-466A-9FD9-53E60E784987}.Debug|Any CPU.Deploy.0 = Debug|Any CPU
		{BA532208-6024-466A-9FD9-53E60E784987}.Release|Any CPU.ActiveCfg = Release|Any CPU
		{BA532208-6024-466A-9FD9-53E60E784987}.Release|Any CPU.Build.0 = Release|Any CPU
		{BA532208-6024-466A-9FD9-53E60E784987}.Release|Any CPU.Deploy.0 = Release|Any CPU
	EndGlobalSection
	GlobalSection(SolutionProperties) = preSolution
		HideSolutionNode = FALSE
	EndGlobalSection
	GlobalSection(ExtensibilityGlobals) = postSolution
		SolutionGuid = {75BD88DE-15C1-4639-8F72-A986502D3E98}
	EndGlobalSection
EndGlobal
